
Microsoft Visual Studio Solution File, Format Version 12.00
# Visual Studio 14
VisualStudioVersion = 14.0.25420.1
MinimumVisualStudioVersion = 10.0.40219.1
Project("{FAE04EC0-301F-11D3-BF4B-00C04F79EFBC}") = "Jipson.Lesson2.website", "Jipson.Lesson2.website\Jipson.Lesson2.website.csproj", "{6FA8FAFC-40D0-4408-81AD-17E9C77E8ADE}"
EndProject
Project("{FAE04EC0-301F-11D3-BF4B-00C04F79EFBC}") = "Jipson.Lesson2.Data", "Jipson.Lesson2.Data\Jipson.Lesson2.Data.csproj", "{A8C080E6-EE61-48D8-A0D5-99BF94BF02BC}"
EndProject
Project("{FAE04EC0-301F-11D3-BF4B-00C04F79EFBC}") = "Jipson.Lesson2.DataAccessLayer", "Jipson.Lesson2.DataAccessLayer\Jipson.Lesson2.DataAccessLayer.csproj", "{033B2C93-0352-489E-AF9B-7B2A6CF9E8CD}"
EndProject
Project("{FAE04EC0-301F-11D3-BF4B-00C04F79EFBC}") = "Jipson.Lesson2.Tests", "Jipson.Lesson2.Tests\Jipson.Lesson2.Tests.csproj", "{B6B5D7B2-3DC9-4AA3-BF05-A2F0C10748A5}"
EndProject
Project("{2150E333-8FDC-42A3-9474-1A3956D46DE8}") = "Data Related", "Data Related", "{81BBC509-F97E-4A2D-896C-C29D338361D8}"
EndProject
Project("{2150E333-8FDC-42A3-9474-1A3956D46DE8}") = "Web Based", "Web Based", "{6817F676-B0C4-45E0-BF65-375947D07217}"
EndProject
Project("{2150E333-8FDC-42A3-9474-1A3956D46DE8}") = "Tests", "Tests", "{61943929-51E4-42CD-ACB5-5832B915EA1D}"
EndProject
Project("{FAE04EC0-301F-11D3-BF4B-00C04F79EFBC}") = "Jipson.Lesson2.TestHarness", "Jipson.Lesson2.TestHarness\Jipson.Lesson2.TestHarness.csproj", "{FACC7041-6CE7-4C99-BCA3-A288E9B3F57E}"
EndProject
Global
	GlobalSection(SolutionConfigurationPlatforms) = preSolution
		Debug|Any CPU = Debug|Any CPU
		Release|Any CPU = Release|Any CPU
	EndGlobalSection
	GlobalSection(ProjectConfigurationPlatforms) = postSolution
		{6FA8FAFC-40D0-4408-81AD-17E9C77E8ADE}.Debug|Any CPU.ActiveCfg = Debug|Any CPU
		{6FA8FAFC-40D0-4408-81AD-17E9C77E8ADE}.Debug|Any CPU.Build.0 = Debug|Any CPU
		{6FA8FAFC-40D0-4408-81AD-17E9C77E8ADE}.Release|Any CPU.ActiveCfg = Release|Any CPU
		{6FA8FAFC-40D0-4408-81AD-17E9C77E8ADE}.Release|Any CPU.Build.0 = Release|Any CPU
		{A8C080E6-EE61-48D8-A0D5-99BF94BF02BC}.Debug|Any CPU.ActiveCfg = Debug|Any CPU
		{A8C080E6-EE61-48D8-A0D5-99BF94BF02BC}.Debug|Any CPU.Build.0 = Debug|Any CPU
		{A8C080E6-EE61-48D8-A0D5-99BF94BF02BC}.Release|Any CPU.ActiveCfg = Release|Any CPU
		{A8C080E6-EE61-48D8-A0D5-99BF94BF02BC}.Release|Any CPU.Build.0 = Release|Any CPU
		{033B2C93-0352-489E-AF9B-7B2A6CF9E8CD}.Debug|Any CPU.ActiveCfg = Debug|Any CPU
		{033B2C93-0352-489E-AF9B-7B2A6CF9E8CD}.Debug|Any CPU.Build.0 = Debug|Any CPU
		{033B2C93-0352-489E-AF9B-7B2A6CF9E8CD}.Release|Any CPU.ActiveCfg = Release|Any CPU
		{033B2C93-0352-489E-AF9B-7B2A6CF9E8CD}.Release|Any CPU.Build.0 = Release|Any CPU
		{B6B5D7B2-3DC9-4AA3-BF05-A2F0C10748A5}.Debug|Any CPU.ActiveCfg = Debug|Any CPU
		{B6B5D7B2-3DC9-4AA3-BF05-A2F0C10748A5}.Debug|Any CPU.Build.0 = Debug|Any CPU
		{B6B5D7B2-3DC9-4AA3-BF05-A2F0C10748A5}.Release|Any CPU.ActiveCfg = Release|Any CPU
		{B6B5D7B2-3DC9-4AA3-BF05-A2F0C10748A5}.Release|Any CPU.Build.0 = Release|Any CPU
		{FACC7041-6CE7-4C99-BCA3-A288E9B3F57E}.Debug|Any CPU.ActiveCfg = Debug|Any CPU
		{FACC7041-6CE7-4C99-BCA3-A288E9B3F57E}.Debug|Any CPU.Build.0 = Debug|Any CPU
		{FACC7041-6CE7-4C99-BCA3-A288E9B3F57E}.Release|Any CPU.ActiveCfg = Release|Any CPU
		{FACC7041-6CE7-4C99-BCA3-A288E9B3F57E}.Release|Any CPU.Build.0 = Release|Any CPU
	EndGlobalSection
	GlobalSection(SolutionProperties) = preSolution
		HideSolutionNode = FALSE
	EndGlobalSection
	GlobalSection(NestedProjects) = preSolution
		{6FA8FAFC-40D0-4408-81AD-17E9C77E8ADE} = {6817F676-B0C4-45E0-BF65-375947D07217}
		{A8C080E6-EE61-48D8-A0D5-99BF94BF02BC} = {81BBC509-F97E-4A2D-896C-C29D338361D8}
		{033B2C93-0352-489E-AF9B-7B2A6CF9E8CD} = {81BBC509-F97E-4A2D-896C-C29D338361D8}
		{B6B5D7B2-3DC9-4AA3-BF05-A2F0C10748A5} = {61943929-51E4-42CD-ACB5-5832B915EA1D}
		{FACC7041-6CE7-4C99-BCA3-A288E9B3F57E} = {61943929-51E4-42CD-ACB5-5832B915EA1D}
	EndGlobalSection
EndGlobal
