
Microsoft Visual Studio Solution File, Format Version 12.00
# Visual Studio 14
VisualStudioVersion = 14.0.25420.1
MinimumVisualStudioVersion = 10.0.40219.1
Project("{2150E333-8FDC-42A3-9474-1A3956D46DE8}") = "src", "src", "{200B2D9E-CE60-4A8D-B7ED-637300F26E61}"
EndProject
Project("{8BB2217D-0F2D-49D1-97BC-3654ED321F3B}") = "TopTrump", "TopTrump\TopTrump\TopTrump.xproj", "{935F8534-7866-422A-97C7-C467CEB79E6B}"
EndProject
Project("{8BB2217D-0F2D-49D1-97BC-3654ED321F3B}") = "DAL", "TopTrump\DAL\DAL.xproj", "{C089F3BB-42F5-440F-AC59-664156A1EE5D}"
EndProject
Global
	GlobalSection(SolutionConfigurationPlatforms) = preSolution
		Debug|Any CPU = Debug|Any CPU
		Release|Any CPU = Release|Any CPU
	EndGlobalSection
	GlobalSection(ProjectConfigurationPlatforms) = postSolution
		{935F8534-7866-422A-97C7-C467CEB79E6B}.Debug|Any CPU.ActiveCfg = Debug|Any CPU
		{935F8534-7866-422A-97C7-C467CEB79E6B}.Debug|Any CPU.Build.0 = Debug|Any CPU
		{935F8534-7866-422A-97C7-C467CEB79E6B}.Release|Any CPU.ActiveCfg = Release|Any CPU
		{935F8534-7866-422A-97C7-C467CEB79E6B}.Release|Any CPU.Build.0 = Release|Any CPU
		{C089F3BB-42F5-440F-AC59-664156A1EE5D}.Debug|Any CPU.ActiveCfg = Debug|Any CPU
		{C089F3BB-42F5-440F-AC59-664156A1EE5D}.Debug|Any CPU.Build.0 = Debug|Any CPU
		{C089F3BB-42F5-440F-AC59-664156A1EE5D}.Release|Any CPU.ActiveCfg = Release|Any CPU
		{C089F3BB-42F5-440F-AC59-664156A1EE5D}.Release|Any CPU.Build.0 = Release|Any CPU
	EndGlobalSection
	GlobalSection(SolutionProperties) = preSolution
		HideSolutionNode = FALSE
	EndGlobalSection
	GlobalSection(NestedProjects) = preSolution
		{935F8534-7866-422A-97C7-C467CEB79E6B} = {200B2D9E-CE60-4A8D-B7ED-637300F26E61}
		{C089F3BB-42F5-440F-AC59-664156A1EE5D} = {200B2D9E-CE60-4A8D-B7ED-637300F26E61}
	EndGlobalSection
EndGlobal
